
Microsoft Visual Studio Solution File, Format Version 12.00
# Visual Studio 2013
VisualStudioVersion = 12.0.31101.0
MinimumVisualStudioVersion = 10.0.40219.1
Project("{FAE04EC0-301F-11D3-BF4B-00C04F79EFBC}") = "DAModels", "DAModels\DAModels.csproj", "{31C78F74-173F-456E-AA49-F0864BEC721B}"
EndProject
Project("{FAE04EC0-301F-11D3-BF4B-00C04F79EFBC}") = "ModelTest", "ModelTest\ModelTest.csproj", "{E1EE4E66-8946-4F46-889C-E7AE2F60D079}"
EndProject
Project("{FAE04EC0-301F-11D3-BF4B-00C04F79EFBC}") = "BankOperations", "BankOperations\BankOperations.csproj", "{92877D74-F012-4B8F-8A13-4267663C3A26}"
EndProject
Project("{2150E333-8FDC-42A3-9474-1A3956D46DE8}") = "Solution Items", "Solution Items", "{E3C7A984-3A7B-42A9-8AA7-CA66AEED3B76}"
	ProjectSection(SolutionItems) = preProject
		Performance1.psess = Performance1.psess
	EndProjectSection
EndProject
Global
	GlobalSection(SolutionConfigurationPlatforms) = preSolution
		Debug|Any CPU = Debug|Any CPU
		Release|Any CPU = Release|Any CPU
	EndGlobalSection
	GlobalSection(ProjectConfigurationPlatforms) = postSolution
		{31C78F74-173F-456E-AA49-F0864BEC721B}.Debug|Any CPU.ActiveCfg = Debug|Any CPU
		{31C78F74-173F-456E-AA49-F0864BEC721B}.Debug|Any CPU.Build.0 = Debug|Any CPU
		{31C78F74-173F-456E-AA49-F0864BEC721B}.Release|Any CPU.ActiveCfg = Release|Any CPU
		{31C78F74-173F-456E-AA49-F0864BEC721B}.Release|Any CPU.Build.0 = Release|Any CPU
		{E1EE4E66-8946-4F46-889C-E7AE2F60D079}.Debug|Any CPU.ActiveCfg = Debug|Any CPU
		{E1EE4E66-8946-4F46-889C-E7AE2F60D079}.Debug|Any CPU.Build.0 = Debug|Any CPU
		{E1EE4E66-8946-4F46-889C-E7AE2F60D079}.Release|Any CPU.ActiveCfg = Release|Any CPU
		{E1EE4E66-8946-4F46-889C-E7AE2F60D079}.Release|Any CPU.Build.0 = Release|Any CPU
		{92877D74-F012-4B8F-8A13-4267663C3A26}.Debug|Any CPU.ActiveCfg = Debug|Any CPU
		{92877D74-F012-4B8F-8A13-4267663C3A26}.Debug|Any CPU.Build.0 = Debug|Any CPU
		{92877D74-F012-4B8F-8A13-4267663C3A26}.Release|Any CPU.ActiveCfg = Release|Any CPU
		{92877D74-F012-4B8F-8A13-4267663C3A26}.Release|Any CPU.Build.0 = Release|Any CPU
	EndGlobalSection
	GlobalSection(SolutionProperties) = preSolution
		HideSolutionNode = FALSE
	EndGlobalSection
EndGlobal
